
Microsoft Visual Studio Solution File, Format Version 12.00
# Visual Studio Version 16
VisualStudioVersion = 16.0.30114.105
MinimumVisualStudioVersion = 10.0.40219.1
Project("{FAE04EC0-301F-11D3-BF4B-00C04F79EFBC}") = "API", "API\API.csproj", "{A6208BA6-8979-434F-A43E-3FBDEE3885EA}"
EndProject
Project("{FAE04EC0-301F-11D3-BF4B-00C04F79EFBC}") = "Application", "Application\Application.csproj", "{5D56E205-6DFE-4777-AC0B-1C5A3294E4E7}"
EndProject
Project("{FAE04EC0-301F-11D3-BF4B-00C04F79EFBC}") = "Persistence", "Persistence\Persistence.csproj", "{80450E96-EED4-4493-BE97-BA3C9690A314}"
EndProject
Project("{FAE04EC0-301F-11D3-BF4B-00C04F79EFBC}") = "Domain", "Domain\Domain.csproj", "{58F65254-40BE-45BC-9637-E9AD7CECFCA1}"
EndProject
Global
	GlobalSection(SolutionConfigurationPlatforms) = preSolution
		Debug|Any CPU = Debug|Any CPU
		Release|Any CPU = Release|Any CPU
	EndGlobalSection
	GlobalSection(SolutionProperties) = preSolution
		HideSolutionNode = FALSE
	EndGlobalSection
	GlobalSection(ProjectConfigurationPlatforms) = postSolution
		{A6208BA6-8979-434F-A43E-3FBDEE3885EA}.Debug|Any CPU.ActiveCfg = Debug|Any CPU
		{A6208BA6-8979-434F-A43E-3FBDEE3885EA}.Debug|Any CPU.Build.0 = Debug|Any CPU
		{A6208BA6-8979-434F-A43E-3FBDEE3885EA}.Release|Any CPU.ActiveCfg = Release|Any CPU
		{A6208BA6-8979-434F-A43E-3FBDEE3885EA}.Release|Any CPU.Build.0 = Release|Any CPU
		{5D56E205-6DFE-4777-AC0B-1C5A3294E4E7}.Debug|Any CPU.ActiveCfg = Debug|Any CPU
		{5D56E205-6DFE-4777-AC0B-1C5A3294E4E7}.Debug|Any CPU.Build.0 = Debug|Any CPU
		{5D56E205-6DFE-4777-AC0B-1C5A3294E4E7}.Release|Any CPU.ActiveCfg = Release|Any CPU
		{5D56E205-6DFE-4777-AC0B-1C5A3294E4E7}.Release|Any CPU.Build.0 = Release|Any CPU
		{80450E96-EED4-4493-BE97-BA3C9690A314}.Debug|Any CPU.ActiveCfg = Debug|Any CPU
		{80450E96-EED4-4493-BE97-BA3C9690A314}.Debug|Any CPU.Build.0 = Debug|Any CPU
		{80450E96-EED4-4493-BE97-BA3C9690A314}.Release|Any CPU.ActiveCfg = Release|Any CPU
		{80450E96-EED4-4493-BE97-BA3C9690A314}.Release|Any CPU.Build.0 = Release|Any CPU
		{58F65254-40BE-45BC-9637-E9AD7CECFCA1}.Debug|Any CPU.ActiveCfg = Debug|Any CPU
		{58F65254-40BE-45BC-9637-E9AD7CECFCA1}.Debug|Any CPU.Build.0 = Debug|Any CPU
		{58F65254-40BE-45BC-9637-E9AD7CECFCA1}.Release|Any CPU.ActiveCfg = Release|Any CPU
		{58F65254-40BE-45BC-9637-E9AD7CECFCA1}.Release|Any CPU.Build.0 = Release|Any CPU
	EndGlobalSection
EndGlobal
